{
  "requires": true,
  "lockfileVersion": 1,
  "dependencies": {
    "react-native-platform-touchable": {
      "version": "1.1.1",
      "resolved": "https://registry.npmjs.org/react-native-platform-touchable/-/react-native-platform-touchable-1.1.1.tgz",
      "integrity": "sha1-/eSsxl7qWF0osWTQw3FqQhKaaOQ="
    },
    "react-navigation-header-buttons": {
      "version": "2.3.1",
      "resolved": "https://registry.npmjs.org/react-navigation-header-buttons/-/react-navigation-header-buttons-2.3.1.tgz",
      "integrity": "sha512-LSc4DSmhnw4gCPim35cr5/40JDAk+oSoAW/Uy7zULz9l/dQckxk9v3zaIAhTVTCK1clwaHktZKFUjggkIlt1IQ==",
      "requires": {
        "react-native-platform-touchable": "^1.1.1"
      }
    }
  }
}
